
Microsoft Visual Studio Solution File, Format Version 12.00
# Visual Studio Version 17
VisualStudioVersion = 17.11.35312.102
MinimumVisualStudioVersion = 10.0.40219.1
Project("{9A19103F-16F7-4668-BE54-9A1E7A4F7556}") = "420DA3_A24_Projet", "420DA3_A24_Projet\420DA3_A24_Projet.csproj", "{22BBFA0E-393E-4A2C-8103-4AA25C7EA2B1}"
EndProject
Project("{9A19103F-16F7-4668-BE54-9A1E7A4F7556}") = "Exemple_Enseignant", "Exemple_Enseignant\Exemple_Enseignant.csproj", "{F6190E21-0827-4123-96E4-004D9C36A680}"
EndProject
Project("{9A19103F-16F7-4668-BE54-9A1E7A4F7556}") = "ExtraAdvancedMultiTier", "ExtraAdvancedMultiTier\ExtraAdvancedMultiTier.csproj", "{FC259944-CE1E-4868-8D8B-00887775D7D0}"
EndProject
Project("{9A19103F-16F7-4668-BE54-9A1E7A4F7556}") = "Exemple_Enseignant_Avance", "Exemple_Enseignant_Avance\Exemple_Enseignant_Avance.csproj", "{243658DE-433C-4DCC-AC93-B18F4C050D97}"
EndProject
Project("{9A19103F-16F7-4668-BE54-9A1E7A4F7556}") = "Project_Utilities", "Project_Utilities\Project_Utilities.csproj", "{9CEE0D8B-B931-45F3-8BFC-A74AE50D807C}"
EndProject
Global
	GlobalSection(SolutionConfigurationPlatforms) = preSolution
		Debug|Any CPU = Debug|Any CPU
		Release|Any CPU = Release|Any CPU
	EndGlobalSection
	GlobalSection(ProjectConfigurationPlatforms) = postSolution
		{22BBFA0E-393E-4A2C-8103-4AA25C7EA2B1}.Debug|Any CPU.ActiveCfg = Debug|Any CPU
		{22BBFA0E-393E-4A2C-8103-4AA25C7EA2B1}.Debug|Any CPU.Build.0 = Debug|Any CPU
		{22BBFA0E-393E-4A2C-8103-4AA25C7EA2B1}.Release|Any CPU.ActiveCfg = Release|Any CPU
		{22BBFA0E-393E-4A2C-8103-4AA25C7EA2B1}.Release|Any CPU.Build.0 = Release|Any CPU
		{F6190E21-0827-4123-96E4-004D9C36A680}.Debug|Any CPU.ActiveCfg = Debug|Any CPU
		{F6190E21-0827-4123-96E4-004D9C36A680}.Debug|Any CPU.Build.0 = Debug|Any CPU
		{F6190E21-0827-4123-96E4-004D9C36A680}.Release|Any CPU.ActiveCfg = Release|Any CPU
		{F6190E21-0827-4123-96E4-004D9C36A680}.Release|Any CPU.Build.0 = Release|Any CPU
		{FC259944-CE1E-4868-8D8B-00887775D7D0}.Debug|Any CPU.ActiveCfg = Debug|Any CPU
		{FC259944-CE1E-4868-8D8B-00887775D7D0}.Debug|Any CPU.Build.0 = Debug|Any CPU
		{FC259944-CE1E-4868-8D8B-00887775D7D0}.Release|Any CPU.ActiveCfg = Release|Any CPU
		{FC259944-CE1E-4868-8D8B-00887775D7D0}.Release|Any CPU.Build.0 = Release|Any CPU
		{243658DE-433C-4DCC-AC93-B18F4C050D97}.Debug|Any CPU.ActiveCfg = Debug|Any CPU
		{243658DE-433C-4DCC-AC93-B18F4C050D97}.Debug|Any CPU.Build.0 = Debug|Any CPU
		{243658DE-433C-4DCC-AC93-B18F4C050D97}.Release|Any CPU.ActiveCfg = Release|Any CPU
		{243658DE-433C-4DCC-AC93-B18F4C050D97}.Release|Any CPU.Build.0 = Release|Any CPU
		{9CEE0D8B-B931-45F3-8BFC-A74AE50D807C}.Debug|Any CPU.ActiveCfg = Debug|Any CPU
		{9CEE0D8B-B931-45F3-8BFC-A74AE50D807C}.Debug|Any CPU.Build.0 = Debug|Any CPU
		{9CEE0D8B-B931-45F3-8BFC-A74AE50D807C}.Release|Any CPU.ActiveCfg = Release|Any CPU
		{9CEE0D8B-B931-45F3-8BFC-A74AE50D807C}.Release|Any CPU.Build.0 = Release|Any CPU
	EndGlobalSection
	GlobalSection(SolutionProperties) = preSolution
		HideSolutionNode = FALSE
	EndGlobalSection
	GlobalSection(ExtensibilityGlobals) = postSolution
		SolutionGuid = {2C23B36B-3458-4AA5-AC37-A98FB974D441}
	EndGlobalSection
EndGlobal
